
Microsoft Visual Studio Solution File, Format Version 12.00
# Visual Studio Version 17
VisualStudioVersion = 17.8.34330.188
MinimumVisualStudioVersion = 10.0.40219.1
Project("{FAE04EC0-301F-11D3-BF4B-00C04F79EFBC}") = "Rock_Paper_Scissors", "Rock_Paper_Scissors\Rock_Paper_Scissors.csproj", "{1F5BFEAB-F92D-47F3-B361-3300593949C5}"
EndProject
Global
	GlobalSection(SolutionConfigurationPlatforms) = preSolution
		Debug|Any CPU = Debug|Any CPU
		Release|Any CPU = Release|Any CPU
	EndGlobalSection
	GlobalSection(ProjectConfigurationPlatforms) = postSolution
		{1F5BFEAB-F92D-47F3-B361-3300593949C5}.Debug|Any CPU.ActiveCfg = Debug|Any CPU
		{1F5BFEAB-F92D-47F3-B361-3300593949C5}.Debug|Any CPU.Build.0 = Debug|Any CPU
		{1F5BFEAB-F92D-47F3-B361-3300593949C5}.Release|Any CPU.ActiveCfg = Release|Any CPU
		{1F5BFEAB-F92D-47F3-B361-3300593949C5}.Release|Any CPU.Build.0 = Release|Any CPU
	EndGlobalSection
	GlobalSection(SolutionProperties) = preSolution
		HideSolutionNode = FALSE
	EndGlobalSection
	GlobalSection(ExtensibilityGlobals) = postSolution
		SolutionGuid = {B63AD805-6771-4B57-9B90-7C68D140640A}
	EndGlobalSection
EndGlobal
